
Microsoft Visual Studio Solution File, Format Version 12.00
# Visual Studio 14
VisualStudioVersion = 14.0.25420.1
MinimumVisualStudioVersion = 10.0.40219.1
Project("{FAE04EC0-301F-11D3-BF4B-00C04F79EFBC}") = "EF", "EF\EF.csproj", "{03730079-022A-4274-847B-CA89ACDA418C}"
EndProject
Project("{FAE04EC0-301F-11D3-BF4B-00C04F79EFBC}") = "Model", "Model\Model.csproj", "{B662613A-D269-48D1-83C0-1EEAB664243F}"
EndProject
Project("{FAE04EC0-301F-11D3-BF4B-00C04F79EFBC}") = "DAO", "DAO\DAO.csproj", "{EEF057B7-5214-406D-AF6C-9CF84B965BED}"
EndProject
Project("{FAE04EC0-301F-11D3-BF4B-00C04F79EFBC}") = "BLL", "BLL\BLL.csproj", "{8563F34A-2EFE-43BD-912A-AB089BE23501}"
EndProject
Project("{FAE04EC0-301F-11D3-BF4B-00C04F79EFBC}") = "IBLL", "IBLL\IBLL.csproj", "{0C82C261-475B-4A42-9F3D-7E81270933D2}"
EndProject
Project("{FAE04EC0-301F-11D3-BF4B-00C04F79EFBC}") = "IDAO", "IDAO\IDAO.csproj", "{9B5D3526-1DF6-4741-95B6-7B049D33CDC0}"
EndProject
Project("{FAE04EC0-301F-11D3-BF4B-00C04F79EFBC}") = "IOC", "IOC\IOC.csproj", "{8C7C25E0-5D56-4539-BE1C-BBED88870947}"
EndProject
Project("{FAE04EC0-301F-11D3-BF4B-00C04F79EFBC}") = "WebApplication1", "WebApplication1\WebApplication1.csproj", "{B03541FD-FFBD-4123-92EB-849A0769AF9F}"
EndProject
Global
	GlobalSection(SolutionConfigurationPlatforms) = preSolution
		Debug|Any CPU = Debug|Any CPU
		Release|Any CPU = Release|Any CPU
	EndGlobalSection
	GlobalSection(ProjectConfigurationPlatforms) = postSolution
		{03730079-022A-4274-847B-CA89ACDA418C}.Debug|Any CPU.ActiveCfg = Debug|Any CPU
		{03730079-022A-4274-847B-CA89ACDA418C}.Debug|Any CPU.Build.0 = Debug|Any CPU
		{03730079-022A-4274-847B-CA89ACDA418C}.Release|Any CPU.ActiveCfg = Release|Any CPU
		{03730079-022A-4274-847B-CA89ACDA418C}.Release|Any CPU.Build.0 = Release|Any CPU
		{B662613A-D269-48D1-83C0-1EEAB664243F}.Debug|Any CPU.ActiveCfg = Debug|Any CPU
		{B662613A-D269-48D1-83C0-1EEAB664243F}.Debug|Any CPU.Build.0 = Debug|Any CPU
		{B662613A-D269-48D1-83C0-1EEAB664243F}.Release|Any CPU.ActiveCfg = Release|Any CPU
		{B662613A-D269-48D1-83C0-1EEAB664243F}.Release|Any CPU.Build.0 = Release|Any CPU
		{EEF057B7-5214-406D-AF6C-9CF84B965BED}.Debug|Any CPU.ActiveCfg = Debug|Any CPU
		{EEF057B7-5214-406D-AF6C-9CF84B965BED}.Debug|Any CPU.Build.0 = Debug|Any CPU
		{EEF057B7-5214-406D-AF6C-9CF84B965BED}.Release|Any CPU.ActiveCfg = Release|Any CPU
		{EEF057B7-5214-406D-AF6C-9CF84B965BED}.Release|Any CPU.Build.0 = Release|Any CPU
		{8563F34A-2EFE-43BD-912A-AB089BE23501}.Debug|Any CPU.ActiveCfg = Debug|Any CPU
		{8563F34A-2EFE-43BD-912A-AB089BE23501}.Debug|Any CPU.Build.0 = Debug|Any CPU
		{8563F34A-2EFE-43BD-912A-AB089BE23501}.Release|Any CPU.ActiveCfg = Release|Any CPU
		{8563F34A-2EFE-43BD-912A-AB089BE23501}.Release|Any CPU.Build.0 = Release|Any CPU
		{0C82C261-475B-4A42-9F3D-7E81270933D2}.Debug|Any CPU.ActiveCfg = Debug|Any CPU
		{0C82C261-475B-4A42-9F3D-7E81270933D2}.Debug|Any CPU.Build.0 = Debug|Any CPU
		{0C82C261-475B-4A42-9F3D-7E81270933D2}.Release|Any CPU.ActiveCfg = Release|Any CPU
		{0C82C261-475B-4A42-9F3D-7E81270933D2}.Release|Any CPU.Build.0 = Release|Any CPU
		{9B5D3526-1DF6-4741-95B6-7B049D33CDC0}.Debug|Any CPU.ActiveCfg = Debug|Any CPU
		{9B5D3526-1DF6-4741-95B6-7B049D33CDC0}.Debug|Any CPU.Build.0 = Debug|Any CPU
		{9B5D3526-1DF6-4741-95B6-7B049D33CDC0}.Release|Any CPU.ActiveCfg = Release|Any CPU
		{9B5D3526-1DF6-4741-95B6-7B049D33CDC0}.Release|Any CPU.Build.0 = Release|Any CPU
		{8C7C25E0-5D56-4539-BE1C-BBED88870947}.Debug|Any CPU.ActiveCfg = Debug|Any CPU
		{8C7C25E0-5D56-4539-BE1C-BBED88870947}.Debug|Any CPU.Build.0 = Debug|Any CPU
		{8C7C25E0-5D56-4539-BE1C-BBED88870947}.Release|Any CPU.ActiveCfg = Release|Any CPU
		{8C7C25E0-5D56-4539-BE1C-BBED88870947}.Release|Any CPU.Build.0 = Release|Any CPU
		{B03541FD-FFBD-4123-92EB-849A0769AF9F}.Debug|Any CPU.ActiveCfg = Debug|Any CPU
		{B03541FD-FFBD-4123-92EB-849A0769AF9F}.Debug|Any CPU.Build.0 = Debug|Any CPU
		{B03541FD-FFBD-4123-92EB-849A0769AF9F}.Release|Any CPU.ActiveCfg = Release|Any CPU
		{B03541FD-FFBD-4123-92EB-849A0769AF9F}.Release|Any CPU.Build.0 = Release|Any CPU
	EndGlobalSection
	GlobalSection(SolutionProperties) = preSolution
		HideSolutionNode = FALSE
	EndGlobalSection
EndGlobal
